
Microsoft Visual Studio Solution File, Format Version 12.00
Project("{FAE04EC0-301F-11D3-BF4B-00C04F79EFBC}") = "EasySaveConsole", "EasySaveConsole\EasySaveConsole.csproj", "{03996369-7940-483E-8A93-B11335066854}"
EndProject
Global
	GlobalSection(SolutionConfigurationPlatforms) = preSolution
		Debug|Any CPU = Debug|Any CPU
		Release|Any CPU = Release|Any CPU
	EndGlobalSection
	GlobalSection(ProjectConfigurationPlatforms) = postSolution
		{03996369-7940-483E-8A93-B11335066854}.Debug|Any CPU.ActiveCfg = Debug|Any CPU
		{03996369-7940-483E-8A93-B11335066854}.Debug|Any CPU.Build.0 = Debug|Any CPU
		{03996369-7940-483E-8A93-B11335066854}.Release|Any CPU.ActiveCfg = Release|Any CPU
		{03996369-7940-483E-8A93-B11335066854}.Release|Any CPU.Build.0 = Release|Any CPU
	EndGlobalSection
EndGlobal
